
Microsoft Visual Studio Solution File, Format Version 12.00
# Visual Studio Version 17
VisualStudioVersion = 17.14.36518.9 d17.14
MinimumVisualStudioVersion = 10.0.40219.1
Project("{FAE04EC0-301F-11D3-BF4B-00C04F79EFBC}") = "AgenticGreenthumbApi", "agentic-greenthumb-api\AgenticGreenthumbApi.csproj", "{FD1358D3-A694-431D-896A-8F585A05F338}"
EndProject
Global
	GlobalSection(SolutionConfigurationPlatforms) = preSolution
		Debug|Any CPU = Debug|Any CPU
		Release|Any CPU = Release|Any CPU
	EndGlobalSection
	GlobalSection(ProjectConfigurationPlatforms) = postSolution
		{FD1358D3-A694-431D-896A-8F585A05F338}.Debug|Any CPU.ActiveCfg = Debug|Any CPU
		{FD1358D3-A694-431D-896A-8F585A05F338}.Debug|Any CPU.Build.0 = Debug|Any CPU
		{FD1358D3-A694-431D-896A-8F585A05F338}.Release|Any CPU.ActiveCfg = Release|Any CPU
		{FD1358D3-A694-431D-896A-8F585A05F338}.Release|Any CPU.Build.0 = Release|Any CPU
	EndGlobalSection
	GlobalSection(SolutionProperties) = preSolution
		HideSolutionNode = FALSE
	EndGlobalSection
	GlobalSection(ExtensibilityGlobals) = postSolution
		SolutionGuid = {F089EFEF-2027-4A96-A237-BBB627CE60BC}
	EndGlobalSection
EndGlobal
